// !$*UTF8*$!
{
	archiveVersion = 1;
	classes = {
	};
	objectVersion = 46;
	objects = {

/* Begin PBXBuildFile section */
		00C302E51ABCBA2D00DB3ED1 /* libRCTActionSheet.a in Frameworks */ = {isa = PBXBuildFile; fileRef = 00C302AC1ABCB8CE00DB3ED1 /* libRCTActionSheet.a */; };
		00C302E71ABCBA2D00DB3ED1 /* libRCTGeolocation.a in Frameworks */ = {isa = PBXBuildFile; fileRef = 00C302BA1ABCB90400DB3ED1 /* libRCTGeolocation.a */; };
		00C302E81ABCBA2D00DB3ED1 /* libRCTImage.a in Frameworks */ = {isa = PBXBuildFile; fileRef = 00C302C01ABCB91800DB3ED1 /* libRCTImage.a */; };
		00C302E91ABCBA2D00DB3ED1 /* libRCTNetwork.a in Frameworks */ = {isa = PBXBuildFile; fileRef = 00C302DC1ABCB9D200DB3ED1 /* libRCTNetwork.a */; };
		00C302EA1ABCBA2D00DB3ED1 /* libRCTVibration.a in Frameworks */ = {isa = PBXBuildFile; fileRef = 00C302E41ABCB9EE00DB3ED1 /* libRCTVibration.a */; };
		00E356F31AD99517003FC87E /* EscapeAge_ReactNativeTests.m in Sources */ = {isa = PBXBuildFile; fileRef = 00E356F21AD99517003FC87E /* EscapeAge_ReactNativeTests.m */; };
		0B4D1542B600439E8294EFD6 /* libRNGoogleSignin.a in Frameworks */ = {isa = PBXBuildFile; fileRef = 025A3A2475B145CAB017EDB4 /* libRNGoogleSignin.a */; };
		133B7172F5B74E098672141D /* SafariServices.framework in Frameworks */ = {isa = PBXBuildFile; fileRef = 391699EC61794CE7B23A2E90 /* SafariServices.framework */; };
		133E29F31AD74F7200F7D852 /* libRCTLinking.a in Frameworks */ = {isa = PBXBuildFile; fileRef = 78C398B91ACF4ADC00677621 /* libRCTLinking.a */; };
		139105C61AF99C1200B5F7CC /* libRCTSettings.a in Frameworks */ = {isa = PBXBuildFile; fileRef = 139105C11AF99BAD00B5F7CC /* libRCTSettings.a */; };
		139FDEF61B0652A700C62182 /* libRCTWebSocket.a in Frameworks */ = {isa = PBXBuildFile; fileRef = 139FDEF41B06529B00C62182 /* libRCTWebSocket.a */; };
		13B07FBC1A68108700A75B9A /* AppDelegate.m in Sources */ = {isa = PBXBuildFile; fileRef = 13B07FB01A68108700A75B9A /* AppDelegate.m */; };
		13B07FBD1A68108700A75B9A /* LaunchScreen.xib in Resources */ = {isa = PBXBuildFile; fileRef = 13B07FB11A68108700A75B9A /* LaunchScreen.xib */; };
		13B07FBF1A68108700A75B9A /* Images.xcassets in Resources */ = {isa = PBXBuildFile; fileRef = 13B07FB51A68108700A75B9A /* Images.xcassets */; };
		13B07FC11A68108700A75B9A /* main.m in Sources */ = {isa = PBXBuildFile; fileRef = 13B07FB71A68108700A75B9A /* main.m */; };
		140ED2AC1D01E1AD002B40FF /* libReact.a in Frameworks */ = {isa = PBXBuildFile; fileRef = 146834041AC3E56700842450 /* libReact.a */; };
		146834051AC3E58100842450 /* libReact.a in Frameworks */ = {isa = PBXBuildFile; fileRef = 146834041AC3E56700842450 /* libReact.a */; };
		2E711CE3949747AB9BDECD3F /* FontAwesome.ttf in Resources */ = {isa = PBXBuildFile; fileRef = B651C39490B84765ADFBD305 /* FontAwesome.ttf */; };
		30FA8CA07B61463893EEA602 /* MaterialIcons.ttf in Resources */ = {isa = PBXBuildFile; fileRef = 8B9590138DEB45D7BC3AFFDE /* MaterialIcons.ttf */; };
		421ABEE31E45AAB600BB8513 /* GoogleSdk in Resources */ = {isa = PBXBuildFile; fileRef = 421ABEE21E45AAB600BB8513 /* GoogleSdk */; };
		421ABEEB1E45AD6100BB8513 /* GoogleAppUtilities.framework in Frameworks */ = {isa = PBXBuildFile; fileRef = 421ABEE41E45AD6100BB8513 /* GoogleAppUtilities.framework */; };
		421ABEEC1E45AD6100BB8513 /* GoogleAuthUtilities.framework in Frameworks */ = {isa = PBXBuildFile; fileRef = 421ABEE51E45AD6100BB8513 /* GoogleAuthUtilities.framework */; };
		421ABEED1E45AD6100BB8513 /* GoogleNetworkingUtilities.framework in Frameworks */ = {isa = PBXBuildFile; fileRef = 421ABEE61E45AD6100BB8513 /* GoogleNetworkingUtilities.framework */; };
		421ABEEE1E45AD6100BB8513 /* GoogleSignIn.bundle in Frameworks */ = {isa = PBXBuildFile; fileRef = 421ABEE71E45AD6100BB8513 /* GoogleSignIn.bundle */; };
		421ABEEF1E45AD6100BB8513 /* GoogleSignIn.framework in Frameworks */ = {isa = PBXBuildFile; fileRef = 421ABEE81E45AD6100BB8513 /* GoogleSignIn.framework */; };
		421ABEF01E45AD6100BB8513 /* GoogleSymbolUtilities.framework in Frameworks */ = {isa = PBXBuildFile; fileRef = 421ABEE91E45AD6100BB8513 /* GoogleSymbolUtilities.framework */; };
		421ABEF11E45AD6100BB8513 /* GoogleUtilities.framework in Frameworks */ = {isa = PBXBuildFile; fileRef = 421ABEEA1E45AD6100BB8513 /* GoogleUtilities.framework */; };
		4223CB2F1E489DC000E9E34E /* GoogleService-Info.plist in Resources */ = {isa = PBXBuildFile; fileRef = 4223CB2E1E489DC000E9E34E /* GoogleService-Info.plist */; };
		42FFF4EC1E471FE9000DCF36 /* libRCTToast.a in Frameworks */ = {isa = PBXBuildFile; fileRef = 42FFF4E61E471F70000DCF36 /* libRCTToast.a */; };
		42FFF4EE1E473CEB000DCF36 /* assets in Resources */ = {isa = PBXBuildFile; fileRef = 42FFF4ED1E473CEB000DCF36 /* assets */; };
		6723CFAD652649ABB9571727 /* Octicons.ttf in Resources */ = {isa = PBXBuildFile; fileRef = CA20B8245BC0422DACC799E8 /* Octicons.ttf */; };
		6E43F5B925C4486F98971ADB /* libRCTFBLogin.a in Frameworks */ = {isa = PBXBuildFile; fileRef = EA594CB2B84147E7BC6F31E3 /* libRCTFBLogin.a */; };
		6E50A64B50BF4DC0A9D11251 /* Ionicons.ttf in Resources */ = {isa = PBXBuildFile; fileRef = BDD55568681741D1817C8F20 /* Ionicons.ttf */; };
		7AE47FF299B24C989AA74922 /* libAirMaps.a in Frameworks */ = {isa = PBXBuildFile; fileRef = A615917EF29A4D9FA07662C3 /* libAirMaps.a */; };
		832341BD1AAA6AB300B99B32 /* libRCTText.a in Frameworks */ = {isa = PBXBuildFile; fileRef = 832341B51AAA6A8300B99B32 /* libRCTText.a */; };
		881CAF7DE85A44939030C9D0 /* SystemConfiguration.framework in Frameworks */ = {isa = PBXBuildFile; fileRef = 3F872F0334F642D7BC54ADE0 /* SystemConfiguration.framework */; };
		8A6F16C6535B4A169761D726 /* libz.tbd in Frameworks */ = {isa = PBXBuildFile; fileRef = AE48DA52B2E5426486B214AF /* libz.tbd */; };
		9E5C0A0FD0F5408C8F0E5458 /* EvilIcons.ttf in Resources */ = {isa = PBXBuildFile; fileRef = 5B1522BB8BAB40BFBF912550 /* EvilIcons.ttf */; };
		AB586BE563A24BDE9A165ABD /* Entypo.ttf in Resources */ = {isa = PBXBuildFile; fileRef = 59153D2A6F05475EACF5A759 /* Entypo.ttf */; };
		BF0F12461DC8665B0056458A /* FBSDKCoreKit.framework in Frameworks */ = {isa = PBXBuildFile; fileRef = BF0F12431DC8665B0056458A /* FBSDKCoreKit.framework */; };
		BF0F12471DC8665B0056458A /* FBSDKLoginKit.framework in Frameworks */ = {isa = PBXBuildFile; fileRef = BF0F12441DC8665B0056458A /* FBSDKLoginKit.framework */; };
		BF0F12481DC8665B0056458A /* FBSDKShareKit.framework in Frameworks */ = {isa = PBXBuildFile; fileRef = BF0F12451DC8665B0056458A /* FBSDKShareKit.framework */; };
		C8B7D4F3DCC246DB9C0FFBAA /* Zocial.ttf in Resources */ = {isa = PBXBuildFile; fileRef = 307AEEDD856549198E6C9159 /* Zocial.ttf */; };
		D37F1CC2B6FA4CFDAFEF7AB8 /* AddressBook.framework in Frameworks */ = {isa = PBXBuildFile; fileRef = 91F8D7C1FEDA4FD3B1FA09A7 /* AddressBook.framework */; };
		ECE818D0C3EC4EAB95CEFBD9 /* libRNVectorIcons.a in Frameworks */ = {isa = PBXBuildFile; fileRef = 41998D785FBE42AB80D93455 /* libRNVectorIcons.a */; };
		EDB4076EED2C4C68A7A04610 /* SimpleLineIcons.ttf in Resources */ = {isa = PBXBuildFile; fileRef = 0129913A6A794BEE846CD2BE /* SimpleLineIcons.ttf */; };
		F3B1E342A5B24E22900BEA14 /* Foundation.ttf in Resources */ = {isa = PBXBuildFile; fileRef = 99375078D11E4B49B8A9197E /* Foundation.ttf */; };
		F581D55891DE4EA582975A2D /* libRNShare.a in Frameworks */ = {isa = PBXBuildFile; fileRef = 76979DC2049844079E9C7376 /* libRNShare.a */; };
/* End PBXBuildFile section */

/* Begin PBXContainerItemProxy section */
		00C302AB1ABCB8CE00DB3ED1 /* PBXContainerItemProxy */ = {
			isa = PBXContainerItemProxy;
			containerPortal = 00C302A71ABCB8CE00DB3ED1 /* RCTActionSheet.xcodeproj */;
			proxyType = 2;
			remoteGlobalIDString = 134814201AA4EA6300B7C361;
			remoteInfo = RCTActionSheet;
		};
		00C302B91ABCB90400DB3ED1 /* PBXContainerItemProxy */ = {
			isa = PBXContainerItemProxy;
			containerPortal = 00C302B51ABCB90400DB3ED1 /* RCTGeolocation.xcodeproj */;
			proxyType = 2;
			remoteGlobalIDString = 134814201AA4EA6300B7C361;
			remoteInfo = RCTGeolocation;
		};
		00C302BF1ABCB91800DB3ED1 /* PBXContainerItemProxy */ = {
			isa = PBXContainerItemProxy;
			containerPortal = 00C302BB1ABCB91800DB3ED1 /* RCTImage.xcodeproj */;
			proxyType = 2;
			remoteGlobalIDString = 58B5115D1A9E6B3D00147676;
			remoteInfo = RCTImage;
		};
		00C302DB1ABCB9D200DB3ED1 /* PBXContainerItemProxy */ = {
			isa = PBXContainerItemProxy;
			containerPortal = 00C302D31ABCB9D200DB3ED1 /* RCTNetwork.xcodeproj */;
			proxyType = 2;
			remoteGlobalIDString = 58B511DB1A9E6C8500147676;
			remoteInfo = RCTNetwork;
		};
		00C302E31ABCB9EE00DB3ED1 /* PBXContainerItemProxy */ = {
			isa = PBXContainerItemProxy;
			containerPortal = 00C302DF1ABCB9EE00DB3ED1 /* RCTVibration.xcodeproj */;
			proxyType = 2;
			remoteGlobalIDString = 832C81801AAF6DEF007FA2F7;
			remoteInfo = RCTVibration;
		};
		00E356F41AD99517003FC87E /* PBXContainerItemProxy */ = {
			isa = PBXContainerItemProxy;
			containerPortal = 83CBB9F71A601CBA00E9B192 /* Project object */;
			proxyType = 1;
			remoteGlobalIDString = 13B07F861A680F5B00A75B9A;
			remoteInfo = EscapeAge_ReactNative;
		};
		139105C01AF99BAD00B5F7CC /* PBXContainerItemProxy */ = {
			isa = PBXContainerItemProxy;
			containerPortal = 139105B61AF99BAD00B5F7CC /* RCTSettings.xcodeproj */;
			proxyType = 2;
			remoteGlobalIDString = 134814201AA4EA6300B7C361;
			remoteInfo = RCTSettings;
		};
		139FDEF31B06529B00C62182 /* PBXContainerItemProxy */ = {
			isa = PBXContainerItemProxy;
			containerPortal = 139FDEE61B06529A00C62182 /* RCTWebSocket.xcodeproj */;
			proxyType = 2;
			remoteGlobalIDString = 3C86DF461ADF2C930047B81A;
			remoteInfo = RCTWebSocket;
		};
		146834031AC3E56700842450 /* PBXContainerItemProxy */ = {
			isa = PBXContainerItemProxy;
			containerPortal = 146833FF1AC3E56700842450 /* React.xcodeproj */;
			proxyType = 2;
			remoteGlobalIDString = 83CBBA2E1A601D0E00E9B192;
			remoteInfo = React;
		};
		421ABEDF1E45A9EB00BB8513 /* PBXContainerItemProxy */ = {
			isa = PBXContainerItemProxy;
			containerPortal = 98A88872AD0F47E8A20504C1 /* RNGoogleSignin.xcodeproj */;
			proxyType = 2;
			remoteGlobalIDString = 9FD355121D3E4A2900D06170;
			remoteInfo = RNGoogleSignin;
		};
		4254961B1E6326D4006C6B7C /* PBXContainerItemProxy */ = {
			isa = PBXContainerItemProxy;
			containerPortal = 00C302BB1ABCB91800DB3ED1 /* RCTImage.xcodeproj */;
			proxyType = 2;
			remoteGlobalIDString = 2D2A283A1D9B042B00D4039D;
			remoteInfo = "RCTImage-tvOS";
		};
		4254961F1E6326D4006C6B7C /* PBXContainerItemProxy */ = {
			isa = PBXContainerItemProxy;
			containerPortal = 78C398B01ACF4ADC00677621 /* RCTLinking.xcodeproj */;
			proxyType = 2;
			remoteGlobalIDString = 2D2A28471D9B043800D4039D;
			remoteInfo = "RCTLinking-tvOS";
		};
		425496231E6326D4006C6B7C /* PBXContainerItemProxy */ = {
			isa = PBXContainerItemProxy;
			containerPortal = 00C302D31ABCB9D200DB3ED1 /* RCTNetwork.xcodeproj */;
			proxyType = 2;
			remoteGlobalIDString = 2D2A28541D9B044C00D4039D;
			remoteInfo = "RCTNetwork-tvOS";
		};
		425496271E6326D4006C6B7C /* PBXContainerItemProxy */ = {
			isa = PBXContainerItemProxy;
			containerPortal = 139105B61AF99BAD00B5F7CC /* RCTSettings.xcodeproj */;
			proxyType = 2;
			remoteGlobalIDString = 2D2A28611D9B046600D4039D;
			remoteInfo = "RCTSettings-tvOS";
		};
		4254962B1E6326D4006C6B7C /* PBXContainerItemProxy */ = {
			isa = PBXContainerItemProxy;
			containerPortal = 832341B01AAA6A8300B99B32 /* RCTText.xcodeproj */;
			proxyType = 2;
			remoteGlobalIDString = 2D2A287B1D9B048500D4039D;
			remoteInfo = "RCTText-tvOS";
		};
		425496311E6326D4006C6B7C /* PBXContainerItemProxy */ = {
			isa = PBXContainerItemProxy;
			containerPortal = 139FDEE61B06529A00C62182 /* RCTWebSocket.xcodeproj */;
			proxyType = 2;
			remoteGlobalIDString = 2D2A28881D9B049200D4039D;
			remoteInfo = "RCTWebSocket-tvOS";
		};
		425496351E6326D4006C6B7C /* PBXContainerItemProxy */ = {
			isa = PBXContainerItemProxy;
			containerPortal = 146833FF1AC3E56700842450 /* React.xcodeproj */;
			proxyType = 2;
			remoteGlobalIDString = 2D2A28131D9B038B00D4039D;
			remoteInfo = "React-tvOS";
		};
		42C7EE1F1E6176F60026B03A /* PBXContainerItemProxy */ = {
			isa = PBXContainerItemProxy;
			containerPortal = E04C40A36FB74CEF87BEFF8C /* RNShare.xcodeproj */;
			proxyType = 2;
			remoteGlobalIDString = 134814201AA4EA6300B7C361;
			remoteInfo = RNShare;
		};
		42FFF4E51E471F70000DCF36 /* PBXContainerItemProxy */ = {
			isa = PBXContainerItemProxy;
			containerPortal = 42FFF4D81E471F6F000DCF36 /* RCTToast.xcodeproj */;
			proxyType = 2;
			remoteGlobalIDString = 327633421BFAAD7E004DA88E;
			remoteInfo = RCTToast;
		};
		78C398B81ACF4ADC00677621 /* PBXContainerItemProxy */ = {
			isa = PBXContainerItemProxy;
			containerPortal = 78C398B01ACF4ADC00677621 /* RCTLinking.xcodeproj */;
			proxyType = 2;
			remoteGlobalIDString = 134814201AA4EA6300B7C361;
			remoteInfo = RCTLinking;
		};
		832341B41AAA6A8300B99B32 /* PBXContainerItemProxy */ = {
			isa = PBXContainerItemProxy;
			containerPortal = 832341B01AAA6A8300B99B32 /* RCTText.xcodeproj */;
			proxyType = 2;
			remoteGlobalIDString = 58B5119B1A9E6C1200147676;
			remoteInfo = RCTText;
		};
		BF0F12291DC85FA70056458A /* PBXContainerItemProxy */ = {
			isa = PBXContainerItemProxy;
			containerPortal = EEFF7B586CF141339AFF78CE /* RCTFBLogin.xcodeproj */;
			proxyType = 2;
			remoteGlobalIDString = 4F3A6B5B1ACFBCC500CA65F7;
			remoteInfo = RCTFBLogin;
		};
		BF0F12351DC85FA70056458A /* PBXContainerItemProxy */ = {
			isa = PBXContainerItemProxy;
			containerPortal = 7D3239D058C74D7391036DF5 /* RNVectorIcons.xcodeproj */;
			proxyType = 2;
			remoteGlobalIDString = 5DBEB1501B18CEA900B34395;
			remoteInfo = RNVectorIcons;
		};
		BFF247F41DDABAA900D59ECD /* PBXContainerItemProxy */ = {
			isa = PBXContainerItemProxy;
			containerPortal = 577D61D9BBC24F769EBD7B15 /* AirMaps.xcodeproj */;
			proxyType = 2;
			remoteGlobalIDString = 11FA5C511C4A1296003AC2EE;
			remoteInfo = AirMaps;
		};
/* End PBXContainerItemProxy section */

/* Begin PBXFileReference section */
		00C302A71ABCB8CE00DB3ED1 /* RCTActionSheet.xcodeproj */ = {isa = PBXFileReference; lastKnownFileType = "wrapper.pb-project"; name = RCTActionSheet.xcodeproj; path = "../node_modules/react-native/Libraries/ActionSheetIOS/RCTActionSheet.xcodeproj"; sourceTree = "<group>"; };
		00C302B51ABCB90400DB3ED1 /* RCTGeolocation.xcodeproj */ = {isa = PBXFileReference; lastKnownFileType = "wrapper.pb-project"; name = RCTGeolocation.xcodeproj; path = "../node_modules/react-native/Libraries/Geolocation/RCTGeolocation.xcodeproj"; sourceTree = "<group>"; };
		00C302BB1ABCB91800DB3ED1 /* RCTImage.xcodeproj */ = {isa = PBXFileReference; lastKnownFileType = "wrapper.pb-project"; name = RCTImage.xcodeproj; path = "../node_modules/react-native/Libraries/Image/RCTImage.xcodeproj"; sourceTree = "<group>"; };
		00C302D31ABCB9D200DB3ED1 /* RCTNetwork.xcodeproj */ = {isa = PBXFileReference; lastKnownFileType = "wrapper.pb-project"; name = RCTNetwork.xcodeproj; path = "../node_modules/react-native/Libraries/Network/RCTNetwork.xcodeproj"; sourceTree = "<group>"; };
		00C302DF1ABCB9EE00DB3ED1 /* RCTVibration.xcodeproj */ = {isa = PBXFileReference; lastKnownFileType = "wrapper.pb-project"; name = RCTVibration.xcodeproj; path = "../node_modules/react-native/Libraries/Vibration/RCTVibration.xcodeproj"; sourceTree = "<group>"; };
		00E356EE1AD99517003FC87E /* EscapeAge_ReactNativeTests.xctest */ = {isa = PBXFileReference; explicitFileType = wrapper.cfbundle; includeInIndex = 0; path = EscapeAge_ReactNativeTests.xctest; sourceTree = BUILT_PRODUCTS_DIR; };
		00E356F11AD99517003FC87E /* Info.plist */ = {isa = PBXFileReference; lastKnownFileType = text.plist.xml; path = Info.plist; sourceTree = "<group>"; };
		00E356F21AD99517003FC87E /* EscapeAge_ReactNativeTests.m */ = {isa = PBXFileReference; lastKnownFileType = sourcecode.c.objc; path = EscapeAge_ReactNativeTests.m; sourceTree = "<group>"; };
		0129913A6A794BEE846CD2BE /* SimpleLineIcons.ttf */ = {isa = PBXFileReference; explicitFileType = undefined; fileEncoding = 9; includeInIndex = 0; lastKnownFileType = unknown; name = SimpleLineIcons.ttf; path = "../node_modules/react-native-vector-icons/Fonts/SimpleLineIcons.ttf"; sourceTree = "<group>"; };
		025A3A2475B145CAB017EDB4 /* libRNGoogleSignin.a */ = {isa = PBXFileReference; explicitFileType = undefined; fileEncoding = 9; includeInIndex = 0; lastKnownFileType = archive.ar; path = libRNGoogleSignin.a; sourceTree = "<group>"; };
		139105B61AF99BAD00B5F7CC /* RCTSettings.xcodeproj */ = {isa = PBXFileReference; lastKnownFileType = "wrapper.pb-project"; name = RCTSettings.xcodeproj; path = "../node_modules/react-native/Libraries/Settings/RCTSettings.xcodeproj"; sourceTree = "<group>"; };
		139FDEE61B06529A00C62182 /* RCTWebSocket.xcodeproj */ = {isa = PBXFileReference; lastKnownFileType = "wrapper.pb-project"; name = RCTWebSocket.xcodeproj; path = "../node_modules/react-native/Libraries/WebSocket/RCTWebSocket.xcodeproj"; sourceTree = "<group>"; };
		13B07F961A680F5B00A75B9A /* EscapeAge_ReactNative.app */ = {isa = PBXFileReference; explicitFileType = wrapper.application; includeInIndex = 0; path = EscapeAge_ReactNative.app; sourceTree = BUILT_PRODUCTS_DIR; };
		13B07FAF1A68108700A75B9A /* AppDelegate.h */ = {isa = PBXFileReference; fileEncoding = 4; lastKnownFileType = sourcecode.c.h; name = AppDelegate.h; path = EscapeAge_ReactNative/AppDelegate.h; sourceTree = "<group>"; };
		13B07FB01A68108700A75B9A /* AppDelegate.m */ = {isa = PBXFileReference; fileEncoding = 4; lastKnownFileType = sourcecode.c.objc; name = AppDelegate.m; path = EscapeAge_ReactNative/AppDelegate.m; sourceTree = "<group>"; };
		13B07FB21A68108700A75B9A /* Base */ = {isa = PBXFileReference; lastKnownFileType = file.xib; name = Base; path = Base.lproj/LaunchScreen.xib; sourceTree = "<group>"; };
		13B07FB51A68108700A75B9A /* Images.xcassets */ = {isa = PBXFileReference; lastKnownFileType = folder.assetcatalog; name = Images.xcassets; path = EscapeAge_ReactNative/Images.xcassets; sourceTree = "<group>"; };
		13B07FB61A68108700A75B9A /* Info.plist */ = {isa = PBXFileReference; fileEncoding = 4; lastKnownFileType = text.plist.xml; name = Info.plist; path = EscapeAge_ReactNative/Info.plist; sourceTree = "<group>"; };
		13B07FB71A68108700A75B9A /* main.m */ = {isa = PBXFileReference; fileEncoding = 4; lastKnownFileType = sourcecode.c.objc; name = main.m; path = EscapeAge_ReactNative/main.m; sourceTree = "<group>"; };
		146833FF1AC3E56700842450 /* React.xcodeproj */ = {isa = PBXFileReference; lastKnownFileType = "wrapper.pb-project"; name = React.xcodeproj; path = "../node_modules/react-native/React/React.xcodeproj"; sourceTree = "<group>"; };
		307AEEDD856549198E6C9159 /* Zocial.ttf */ = {isa = PBXFileReference; explicitFileType = undefined; fileEncoding = 9; includeInIndex = 0; lastKnownFileType = unknown; name = Zocial.ttf; path = "../node_modules/react-native-vector-icons/Fonts/Zocial.ttf"; sourceTree = "<group>"; };
		391699EC61794CE7B23A2E90 /* SafariServices.framework */ = {isa = PBXFileReference; explicitFileType = undefined; fileEncoding = 9; includeInIndex = 0; lastKnownFileType = wrapper.framework; name = SafariServices.framework; path = System/Library/Frameworks/SafariServices.framework; sourceTree = SDKROOT; };
		3F872F0334F642D7BC54ADE0 /* SystemConfiguration.framework */ = {isa = PBXFileReference; explicitFileType = undefined; fileEncoding = 9; includeInIndex = 0; lastKnownFileType = wrapper.framework; name = SystemConfiguration.framework; path = System/Library/Frameworks/SystemConfiguration.framework; sourceTree = SDKROOT; };
		41998D785FBE42AB80D93455 /* libRNVectorIcons.a */ = {isa = PBXFileReference; explicitFileType = undefined; fileEncoding = 9; includeInIndex = 0; lastKnownFileType = archive.ar; path = libRNVectorIcons.a; sourceTree = "<group>"; };
		421ABEE21E45AAB600BB8513 /* GoogleSdk */ = {isa = PBXFileReference; lastKnownFileType = folder; path = GoogleSdk; sourceTree = "<group>"; };
		421ABEE41E45AD6100BB8513 /* GoogleAppUtilities.framework */ = {isa = PBXFileReference; lastKnownFileType = wrapper.framework; name = GoogleAppUtilities.framework; path = GoogleSdk/GoogleAppUtilities.framework; sourceTree = "<group>"; };
		421ABEE51E45AD6100BB8513 /* GoogleAuthUtilities.framework */ = {isa = PBXFileReference; lastKnownFileType = wrapper.framework; name = GoogleAuthUtilities.framework; path = GoogleSdk/GoogleAuthUtilities.framework; sourceTree = "<group>"; };
		421ABEE61E45AD6100BB8513 /* GoogleNetworkingUtilities.framework */ = {isa = PBXFileReference; lastKnownFileType = wrapper.framework; name = GoogleNetworkingUtilities.framework; path = GoogleSdk/GoogleNetworkingUtilities.framework; sourceTree = "<group>"; };
		421ABEE71E45AD6100BB8513 /* GoogleSignIn.bundle */ = {isa = PBXFileReference; lastKnownFileType = "wrapper.plug-in"; name = GoogleSignIn.bundle; path = GoogleSdk/GoogleSignIn.bundle; sourceTree = "<group>"; };
		421ABEE81E45AD6100BB8513 /* GoogleSignIn.framework */ = {isa = PBXFileReference; lastKnownFileType = wrapper.framework; name = GoogleSignIn.framework; path = GoogleSdk/GoogleSignIn.framework; sourceTree = "<group>"; };
		421ABEE91E45AD6100BB8513 /* GoogleSymbolUtilities.framework */ = {isa = PBXFileReference; lastKnownFileType = wrapper.framework; name = GoogleSymbolUtilities.framework; path = GoogleSdk/GoogleSymbolUtilities.framework; sourceTree = "<group>"; };
		421ABEEA1E45AD6100BB8513 /* GoogleUtilities.framework */ = {isa = PBXFileReference; lastKnownFileType = wrapper.framework; name = GoogleUtilities.framework; path = GoogleSdk/GoogleUtilities.framework; sourceTree = "<group>"; };
		4223CB2E1E489DC000E9E34E /* GoogleService-Info.plist */ = {isa = PBXFileReference; fileEncoding = 4; lastKnownFileType = text.plist.xml; path = "GoogleService-Info.plist"; sourceTree = "<group>"; };
		42FFF4D81E471F6F000DCF36 /* RCTToast.xcodeproj */ = {isa = PBXFileReference; lastKnownFileType = "wrapper.pb-project"; name = RCTToast.xcodeproj; path = "../node_modules/@remobile/react-native-toast/ios/RCTToast.xcodeproj"; sourceTree = "<group>"; };
		42FFF4ED1E473CEB000DCF36 /* assets */ = {isa = PBXFileReference; lastKnownFileType = folder; path = assets; sourceTree = "<group>"; };
		577D61D9BBC24F769EBD7B15 /* AirMaps.xcodeproj */ = {isa = PBXFileReference; explicitFileType = undefined; fileEncoding = 9; includeInIndex = 0; lastKnownFileType = "wrapper.pb-project"; name = AirMaps.xcodeproj; path = "../node_modules/react-native-maps/ios/AirMaps.xcodeproj"; sourceTree = "<group>"; };
		59153D2A6F05475EACF5A759 /* Entypo.ttf */ = {isa = PBXFileReference; explicitFileType = undefined; fileEncoding = 9; includeInIndex = 0; lastKnownFileType = unknown; name = Entypo.ttf; path = "../node_modules/react-native-vector-icons/Fonts/Entypo.ttf"; sourceTree = "<group>"; };
		5B1522BB8BAB40BFBF912550 /* EvilIcons.ttf */ = {isa = PBXFileReference; explicitFileType = undefined; fileEncoding = 9; includeInIndex = 0; lastKnownFileType = unknown; name = EvilIcons.ttf; path = "../node_modules/react-native-vector-icons/Fonts/EvilIcons.ttf"; sourceTree = "<group>"; };
		76979DC2049844079E9C7376 /* libRNShare.a */ = {isa = PBXFileReference; explicitFileType = undefined; fileEncoding = 9; includeInIndex = 0; lastKnownFileType = archive.ar; path = libRNShare.a; sourceTree = "<group>"; };
		78C398B01ACF4ADC00677621 /* RCTLinking.xcodeproj */ = {isa = PBXFileReference; lastKnownFileType = "wrapper.pb-project"; name = RCTLinking.xcodeproj; path = "../node_modules/react-native/Libraries/LinkingIOS/RCTLinking.xcodeproj"; sourceTree = "<group>"; };
		7D3239D058C74D7391036DF5 /* RNVectorIcons.xcodeproj */ = {isa = PBXFileReference; explicitFileType = undefined; fileEncoding = 9; includeInIndex = 0; lastKnownFileType = "wrapper.pb-project"; name = RNVectorIcons.xcodeproj; path = "../node_modules/react-native-vector-icons/RNVectorIcons.xcodeproj"; sourceTree = "<group>"; };
		832341B01AAA6A8300B99B32 /* RCTText.xcodeproj */ = {isa = PBXFileReference; lastKnownFileType = "wrapper.pb-project"; name = RCTText.xcodeproj; path = "../node_modules/react-native/Libraries/Text/RCTText.xcodeproj"; sourceTree = "<group>"; };
		8B9590138DEB45D7BC3AFFDE /* MaterialIcons.ttf */ = {isa = PBXFileReference; explicitFileType = undefined; fileEncoding = 9; includeInIndex = 0; lastKnownFileType = unknown; name = MaterialIcons.ttf; path = "../node_modules/react-native-vector-icons/Fonts/MaterialIcons.ttf"; sourceTree = "<group>"; };
		91F8D7C1FEDA4FD3B1FA09A7 /* AddressBook.framework */ = {isa = PBXFileReference; explicitFileType = undefined; fileEncoding = 9; includeInIndex = 0; lastKnownFileType = wrapper.framework; name = AddressBook.framework; path = System/Library/Frameworks/AddressBook.framework; sourceTree = SDKROOT; };
		98A88872AD0F47E8A20504C1 /* RNGoogleSignin.xcodeproj */ = {isa = PBXFileReference; explicitFileType = undefined; fileEncoding = 9; includeInIndex = 0; lastKnownFileType = "wrapper.pb-project"; name = RNGoogleSignin.xcodeproj; path = "../node_modules/react-native-google-signin/ios/RNGoogleSignin.xcodeproj"; sourceTree = "<group>"; };
		99375078D11E4B49B8A9197E /* Foundation.ttf */ = {isa = PBXFileReference; explicitFileType = undefined; fileEncoding = 9; includeInIndex = 0; lastKnownFileType = unknown; name = Foundation.ttf; path = "../node_modules/react-native-vector-icons/Fonts/Foundation.ttf"; sourceTree = "<group>"; };
		A615917EF29A4D9FA07662C3 /* libAirMaps.a */ = {isa = PBXFileReference; explicitFileType = undefined; fileEncoding = 9; includeInIndex = 0; lastKnownFileType = archive.ar; path = libAirMaps.a; sourceTree = "<group>"; };
		AE48DA52B2E5426486B214AF /* libz.tbd */ = {isa = PBXFileReference; explicitFileType = undefined; fileEncoding = 9; includeInIndex = 0; lastKnownFileType = "sourcecode.text-based-dylib-definition"; name = libz.tbd; path = usr/lib/libz.tbd; sourceTree = SDKROOT; };
		B651C39490B84765ADFBD305 /* FontAwesome.ttf */ = {isa = PBXFileReference; explicitFileType = undefined; fileEncoding = 9; includeInIndex = 0; lastKnownFileType = unknown; name = FontAwesome.ttf; path = "../node_modules/react-native-vector-icons/Fonts/FontAwesome.ttf"; sourceTree = "<group>"; };
		BDD55568681741D1817C8F20 /* Ionicons.ttf */ = {isa = PBXFileReference; explicitFileType = undefined; fileEncoding = 9; includeInIndex = 0; lastKnownFileType = unknown; name = Ionicons.ttf; path = "../node_modules/react-native-vector-icons/Fonts/Ionicons.ttf"; sourceTree = "<group>"; };
		BF0F12431DC8665B0056458A /* FBSDKCoreKit.framework */ = {isa = PBXFileReference; lastKnownFileType = wrapper.framework; name = FBSDKCoreKit.framework; path = "../node_modules/react-native-facebook-login/FacebookSDK/FBSDKCoreKit.framework"; sourceTree = "<group>"; };
		BF0F12441DC8665B0056458A /* FBSDKLoginKit.framework */ = {isa = PBXFileReference; lastKnownFileType = wrapper.framework; name = FBSDKLoginKit.framework; path = "../node_modules/react-native-facebook-login/FacebookSDK/FBSDKLoginKit.framework"; sourceTree = "<group>"; };
		BF0F12451DC8665B0056458A /* FBSDKShareKit.framework */ = {isa = PBXFileReference; lastKnownFileType = wrapper.framework; name = FBSDKShareKit.framework; path = "../node_modules/react-native-facebook-login/FacebookSDK/FBSDKShareKit.framework"; sourceTree = "<group>"; };
		BF0F12551DC86A0B0056458A /* EscapeAge_ReactNative.entitlements */ = {isa = PBXFileReference; lastKnownFileType = text.plist.entitlements; name = EscapeAge_ReactNative.entitlements; path = EscapeAge_ReactNative/EscapeAge_ReactNative.entitlements; sourceTree = "<group>"; };
		CA20B8245BC0422DACC799E8 /* Octicons.ttf */ = {isa = PBXFileReference; explicitFileType = undefined; fileEncoding = 9; includeInIndex = 0; lastKnownFileType = unknown; name = Octicons.ttf; path = "../node_modules/react-native-vector-icons/Fonts/Octicons.ttf"; sourceTree = "<group>"; };
		E04C40A36FB74CEF87BEFF8C /* RNShare.xcodeproj */ = {isa = PBXFileReference; explicitFileType = undefined; fileEncoding = 9; includeInIndex = 0; lastKnownFileType = "wrapper.pb-project"; name = RNShare.xcodeproj; path = "../node_modules/react-native-share/ios/RNShare.xcodeproj"; sourceTree = "<group>"; };
		EA594CB2B84147E7BC6F31E3 /* libRCTFBLogin.a */ = {isa = PBXFileReference; explicitFileType = undefined; fileEncoding = 9; includeInIndex = 0; lastKnownFileType = archive.ar; path = libRCTFBLogin.a; sourceTree = "<group>"; };
		EEFF7B586CF141339AFF78CE /* RCTFBLogin.xcodeproj */ = {isa = PBXFileReference; explicitFileType = undefined; fileEncoding = 9; includeInIndex = 0; lastKnownFileType = "wrapper.pb-project"; name = RCTFBLogin.xcodeproj; path = "../node_modules/react-native-facebook-login/RCTFBLogin.xcodeproj"; sourceTree = "<group>"; };
/* End PBXFileReference section */

/* Begin PBXFrameworksBuildPhase section */
		00E356EB1AD99517003FC87E /* Frameworks */ = {
			isa = PBXFrameworksBuildPhase;
			buildActionMask = 2147483647;
			files = (
				140ED2AC1D01E1AD002B40FF /* libReact.a in Frameworks */,
			);
			runOnlyForDeploymentPostprocessing = 0;
		};
		13B07F8C1A680F5B00A75B9A /* Frameworks */ = {
			isa = PBXFrameworksBuildPhase;
			buildActionMask = 2147483647;
			files = (
				42FFF4EC1E471FE9000DCF36 /* libRCTToast.a in Frameworks */,
				421ABEEB1E45AD6100BB8513 /* GoogleAppUtilities.framework in Frameworks */,
				421ABEEC1E45AD6100BB8513 /* GoogleAuthUtilities.framework in Frameworks */,
				421ABEED1E45AD6100BB8513 /* GoogleNetworkingUtilities.framework in Frameworks */,
				421ABEEE1E45AD6100BB8513 /* GoogleSignIn.bundle in Frameworks */,
				421ABEEF1E45AD6100BB8513 /* GoogleSignIn.framework in Frameworks */,
				421ABEF01E45AD6100BB8513 /* GoogleSymbolUtilities.framework in Frameworks */,
				421ABEF11E45AD6100BB8513 /* GoogleUtilities.framework in Frameworks */,
				146834051AC3E58100842450 /* libReact.a in Frameworks */,
				00C302E51ABCBA2D00DB3ED1 /* libRCTActionSheet.a in Frameworks */,
				BF0F12481DC8665B0056458A /* FBSDKShareKit.framework in Frameworks */,
				00C302E71ABCBA2D00DB3ED1 /* libRCTGeolocation.a in Frameworks */,
				00C302E81ABCBA2D00DB3ED1 /* libRCTImage.a in Frameworks */,
				BF0F12471DC8665B0056458A /* FBSDKLoginKit.framework in Frameworks */,
				133E29F31AD74F7200F7D852 /* libRCTLinking.a in Frameworks */,
				00C302E91ABCBA2D00DB3ED1 /* libRCTNetwork.a in Frameworks */,
				139105C61AF99C1200B5F7CC /* libRCTSettings.a in Frameworks */,
				832341BD1AAA6AB300B99B32 /* libRCTText.a in Frameworks */,
				BF0F12461DC8665B0056458A /* FBSDKCoreKit.framework in Frameworks */,
				00C302EA1ABCBA2D00DB3ED1 /* libRCTVibration.a in Frameworks */,
				139FDEF61B0652A700C62182 /* libRCTWebSocket.a in Frameworks */,
				6E43F5B925C4486F98971ADB /* libRCTFBLogin.a in Frameworks */,
				ECE818D0C3EC4EAB95CEFBD9 /* libRNVectorIcons.a in Frameworks */,
				7AE47FF299B24C989AA74922 /* libAirMaps.a in Frameworks */,
				0B4D1542B600439E8294EFD6 /* libRNGoogleSignin.a in Frameworks */,
				8A6F16C6535B4A169761D726 /* libz.tbd in Frameworks */,
				133B7172F5B74E098672141D /* SafariServices.framework in Frameworks */,
				881CAF7DE85A44939030C9D0 /* SystemConfiguration.framework in Frameworks */,
				D37F1CC2B6FA4CFDAFEF7AB8 /* AddressBook.framework in Frameworks */,
				F581D55891DE4EA582975A2D /* libRNShare.a in Frameworks */,
			);
			runOnlyForDeploymentPostprocessing = 0;
		};
/* End PBXFrameworksBuildPhase section */

/* Begin PBXGroup section */
		00C302A81ABCB8CE00DB3ED1 /* Products */ = {
			isa = PBXGroup;
			children = (
				00C302AC1ABCB8CE00DB3ED1 /* libRCTActionSheet.a */,
			);
			name = Products;
			sourceTree = "<group>";
		};
		00C302B61ABCB90400DB3ED1 /* Products */ = {
			isa = PBXGroup;
			children = (
				00C302BA1ABCB90400DB3ED1 /* libRCTGeolocation.a */,
			);
			name = Products;
			sourceTree = "<group>";
		};
		00C302BC1ABCB91800DB3ED1 /* Products */ = {
			isa = PBXGroup;
			children = (
				00C302C01ABCB91800DB3ED1 /* libRCTImage.a */,
				4254961C1E6326D4006C6B7C /* libRCTImage-tvOS.a */,
			);
			name = Products;
			sourceTree = "<group>";
		};
		00C302D41ABCB9D200DB3ED1 /* Products */ = {
			isa = PBXGroup;
			children = (
				00C302DC1ABCB9D200DB3ED1 /* libRCTNetwork.a */,
				425496241E6326D4006C6B7C /* libRCTNetwork-tvOS.a */,
			);
			name = Products;
			sourceTree = "<group>";
		};
		00C302E01ABCB9EE00DB3ED1 /* Products */ = {
			isa = PBXGroup;
			children = (
				00C302E41ABCB9EE00DB3ED1 /* libRCTVibration.a */,
			);
			name = Products;
			sourceTree = "<group>";
		};
		00E356EF1AD99517003FC87E /* EscapeAge_ReactNativeTests */ = {
			isa = PBXGroup;
			children = (
				00E356F21AD99517003FC87E /* EscapeAge_ReactNativeTests.m */,
				00E356F01AD99517003FC87E /* Supporting Files */,
			);
			path = EscapeAge_ReactNativeTests;
			sourceTree = "<group>";
		};
		00E356F01AD99517003FC87E /* Supporting Files */ = {
			isa = PBXGroup;
			children = (
				00E356F11AD99517003FC87E /* Info.plist */,
			);
			name = "Supporting Files";
			sourceTree = "<group>";
		};
		139105B71AF99BAD00B5F7CC /* Products */ = {
			isa = PBXGroup;
			children = (
				139105C11AF99BAD00B5F7CC /* libRCTSettings.a */,
				425496281E6326D4006C6B7C /* libRCTSettings-tvOS.a */,
			);
			name = Products;
			sourceTree = "<group>";
		};
		139FDEE71B06529A00C62182 /* Products */ = {
			isa = PBXGroup;
			children = (
				139FDEF41B06529B00C62182 /* libRCTWebSocket.a */,
				425496321E6326D4006C6B7C /* libRCTWebSocket-tvOS.a */,
			);
			name = Products;
			sourceTree = "<group>";
		};
		13B07FAE1A68108700A75B9A /* EscapeAge_ReactNative */ = {
			isa = PBXGroup;
			children = (
				4223CB2E1E489DC000E9E34E /* GoogleService-Info.plist */,
				BF0F12551DC86A0B0056458A /* EscapeAge_ReactNative.entitlements */,
				13B07FAF1A68108700A75B9A /* AppDelegate.h */,
				13B07FB01A68108700A75B9A /* AppDelegate.m */,
				13B07FB51A68108700A75B9A /* Images.xcassets */,
				13B07FB61A68108700A75B9A /* Info.plist */,
				13B07FB11A68108700A75B9A /* LaunchScreen.xib */,
				13B07FB71A68108700A75B9A /* main.m */,
			);
			name = EscapeAge_ReactNative;
			sourceTree = "<group>";
		};
		146834001AC3E56700842450 /* Products */ = {
			isa = PBXGroup;
			children = (
				146834041AC3E56700842450 /* libReact.a */,
				425496361E6326D4006C6B7C /* libReact-tvOS.a */,
			);
			name = Products;
			sourceTree = "<group>";
		};
		421ABED01E45A9EB00BB8513 /* Products */ = {
			isa = PBXGroup;
			children = (
				421ABEE01E45A9EB00BB8513 /* libRNGoogleSignin.a */,
			);
			name = Products;
			sourceTree = "<group>";
		};
		42C7EE0E1E6176F60026B03A /* Products */ = {
			isa = PBXGroup;
			children = (
				42C7EE201E6176F60026B03A /* libRNShare.a */,
			);
			name = Products;
			sourceTree = "<group>";
		};
		42FFF4D91E471F6F000DCF36 /* Products */ = {
			isa = PBXGroup;
			children = (
				42FFF4E61E471F70000DCF36 /* libRCTToast.a */,
			);
			name = Products;
			sourceTree = "<group>";
		};
		64CB63A6F5854706BD3762C0 /* Frameworks */ = {
			isa = PBXGroup;
			children = (
				421ABEE41E45AD6100BB8513 /* GoogleAppUtilities.framework */,
				421ABEE51E45AD6100BB8513 /* GoogleAuthUtilities.framework */,
				421ABEE61E45AD6100BB8513 /* GoogleNetworkingUtilities.framework */,
				421ABEE71E45AD6100BB8513 /* GoogleSignIn.bundle */,
				421ABEE81E45AD6100BB8513 /* GoogleSignIn.framework */,
				421ABEE91E45AD6100BB8513 /* GoogleSymbolUtilities.framework */,
				421ABEEA1E45AD6100BB8513 /* GoogleUtilities.framework */,
				AE48DA52B2E5426486B214AF /* libz.tbd */,
				391699EC61794CE7B23A2E90 /* SafariServices.framework */,
				3F872F0334F642D7BC54ADE0 /* SystemConfiguration.framework */,
				91F8D7C1FEDA4FD3B1FA09A7 /* AddressBook.framework */,
			);
			name = Frameworks;
			sourceTree = "<group>";
		};
		78C398B11ACF4ADC00677621 /* Products */ = {
			isa = PBXGroup;
			children = (
				78C398B91ACF4ADC00677621 /* libRCTLinking.a */,
				425496201E6326D4006C6B7C /* libRCTLinking-tvOS.a */,
			);
			name = Products;
			sourceTree = "<group>";
		};
		832341AE1AAA6A7D00B99B32 /* Libraries */ = {
			isa = PBXGroup;
			children = (
				42FFF4D81E471F6F000DCF36 /* RCTToast.xcodeproj */,
				146833FF1AC3E56700842450 /* React.xcodeproj */,
				00C302A71ABCB8CE00DB3ED1 /* RCTActionSheet.xcodeproj */,
				00C302B51ABCB90400DB3ED1 /* RCTGeolocation.xcodeproj */,
				00C302BB1ABCB91800DB3ED1 /* RCTImage.xcodeproj */,
				78C398B01ACF4ADC00677621 /* RCTLinking.xcodeproj */,
				00C302D31ABCB9D200DB3ED1 /* RCTNetwork.xcodeproj */,
				139105B61AF99BAD00B5F7CC /* RCTSettings.xcodeproj */,
				832341B01AAA6A8300B99B32 /* RCTText.xcodeproj */,
				00C302DF1ABCB9EE00DB3ED1 /* RCTVibration.xcodeproj */,
				139FDEE61B06529A00C62182 /* RCTWebSocket.xcodeproj */,
				EEFF7B586CF141339AFF78CE /* RCTFBLogin.xcodeproj */,
				7D3239D058C74D7391036DF5 /* RNVectorIcons.xcodeproj */,
				577D61D9BBC24F769EBD7B15 /* AirMaps.xcodeproj */,
				98A88872AD0F47E8A20504C1 /* RNGoogleSignin.xcodeproj */,
				E04C40A36FB74CEF87BEFF8C /* RNShare.xcodeproj */,
			);
			name = Libraries;
			sourceTree = "<group>";
		};
		832341B11AAA6A8300B99B32 /* Products */ = {
			isa = PBXGroup;
			children = (
				832341B51AAA6A8300B99B32 /* libRCTText.a */,
				4254962C1E6326D4006C6B7C /* libRCTText-tvOS.a */,
			);
			name = Products;
			sourceTree = "<group>";
		};
		83CBB9F61A601CBA00E9B192 = {
			isa = PBXGroup;
			children = (
				42FFF4ED1E473CEB000DCF36 /* assets */,
				421ABEE21E45AAB600BB8513 /* GoogleSdk */,
				BF0F12431DC8665B0056458A /* FBSDKCoreKit.framework */,
				BF0F12441DC8665B0056458A /* FBSDKLoginKit.framework */,
				BF0F12451DC8665B0056458A /* FBSDKShareKit.framework */,
				13B07FAE1A68108700A75B9A /* EscapeAge_ReactNative */,
				832341AE1AAA6A7D00B99B32 /* Libraries */,
				00E356EF1AD99517003FC87E /* EscapeAge_ReactNativeTests */,
				83CBBA001A601CBA00E9B192 /* Products */,
				A81F29C5D9B541CB91599E0E /* Resources */,
				64CB63A6F5854706BD3762C0 /* Frameworks */,
			);
			indentWidth = 2;
			sourceTree = "<group>";
			tabWidth = 2;
		};
		83CBBA001A601CBA00E9B192 /* Products */ = {
			isa = PBXGroup;
			children = (
				13B07F961A680F5B00A75B9A /* EscapeAge_ReactNative.app */,
				00E356EE1AD99517003FC87E /* EscapeAge_ReactNativeTests.xctest */,
			);
			name = Products;
			sourceTree = "<group>";
		};
		A81F29C5D9B541CB91599E0E /* Resources */ = {
			isa = PBXGroup;
			children = (
				59153D2A6F05475EACF5A759 /* Entypo.ttf */,
				5B1522BB8BAB40BFBF912550 /* EvilIcons.ttf */,
				B651C39490B84765ADFBD305 /* FontAwesome.ttf */,
				99375078D11E4B49B8A9197E /* Foundation.ttf */,
				BDD55568681741D1817C8F20 /* Ionicons.ttf */,
				8B9590138DEB45D7BC3AFFDE /* MaterialIcons.ttf */,
				CA20B8245BC0422DACC799E8 /* Octicons.ttf */,
				307AEEDD856549198E6C9159 /* Zocial.ttf */,
				0129913A6A794BEE846CD2BE /* SimpleLineIcons.ttf */,
			);
			name = Resources;
			sourceTree = "<group>";
		};
		BF0F12231DC85FA70056458A /* Products */ = {
			isa = PBXGroup;
			children = (
				BF0F122A1DC85FA70056458A /* libRCTFBLogin.a */,
			);
			name = Products;
			sourceTree = "<group>";
		};
		BF0F12251DC85FA70056458A /* Products */ = {
			isa = PBXGroup;
			children = (
				BF0F12361DC85FA70056458A /* libRNVectorIcons.a */,
			);
			name = Products;
			sourceTree = "<group>";
		};
		BFF247F11DDABAA900D59ECD /* Products */ = {
			isa = PBXGroup;
			children = (
				BFF247F51DDABAA900D59ECD /* libAirMaps.a */,
			);
			name = Products;
			sourceTree = "<group>";
		};
/* End PBXGroup section */

/* Begin PBXNativeTarget section */
		00E356ED1AD99517003FC87E /* EscapeAge_ReactNativeTests */ = {
			isa = PBXNativeTarget;
			buildConfigurationList = 00E357021AD99517003FC87E /* Build configuration list for PBXNativeTarget "EscapeAge_ReactNativeTests" */;
			buildPhases = (
				00E356EA1AD99517003FC87E /* Sources */,
				00E356EB1AD99517003FC87E /* Frameworks */,
				00E356EC1AD99517003FC87E /* Resources */,
			);
			buildRules = (
			);
			dependencies = (
				00E356F51AD99517003FC87E /* PBXTargetDependency */,
			);
			name = EscapeAge_ReactNativeTests;
			productName = EscapeAge_ReactNativeTests;
			productReference = 00E356EE1AD99517003FC87E /* EscapeAge_ReactNativeTests.xctest */;
			productType = "com.apple.product-type.bundle.unit-test";
		};
		13B07F861A680F5B00A75B9A /* EscapeAge_ReactNative */ = {
			isa = PBXNativeTarget;
			buildConfigurationList = 13B07F931A680F5B00A75B9A /* Build configuration list for PBXNativeTarget "EscapeAge_ReactNative" */;
			buildPhases = (
				13B07F871A680F5B00A75B9A /* Sources */,
				13B07F8C1A680F5B00A75B9A /* Frameworks */,
				13B07F8E1A680F5B00A75B9A /* Resources */,
				00DD1BFF1BD5951E006B06BC /* Bundle React Native code and images */,
			);
			buildRules = (
			);
			dependencies = (
			);
			name = EscapeAge_ReactNative;
			productName = "Hello World";
			productReference = 13B07F961A680F5B00A75B9A /* EscapeAge_ReactNative.app */;
			productType = "com.apple.product-type.application";
		};
/* End PBXNativeTarget section */

/* Begin PBXProject section */
		83CBB9F71A601CBA00E9B192 /* Project object */ = {
			isa = PBXProject;
			attributes = {
				LastUpgradeCheck = 820;
				ORGANIZATIONNAME = Facebook;
				TargetAttributes = {
					00E356ED1AD99517003FC87E = {
						CreatedOnToolsVersion = 6.2;
						DevelopmentTeam = 47HL5T88ZN;
						TestTargetID = 13B07F861A680F5B00A75B9A;
					};
					13B07F861A680F5B00A75B9A = {
						DevelopmentTeam = 47HL5T88ZN;
						SystemCapabilities = {
							com.apple.Keychain = {
								enabled = 1;
							};
						};
					};
				};
			};
			buildConfigurationList = 83CBB9FA1A601CBA00E9B192 /* Build configuration list for PBXProject "EscapeAge_ReactNative" */;
			compatibilityVersion = "Xcode 3.2";
			developmentRegion = English;
			hasScannedForEncodings = 0;
			knownRegions = (
				en,
				Base,
			);
			mainGroup = 83CBB9F61A601CBA00E9B192;
			productRefGroup = 83CBBA001A601CBA00E9B192 /* Products */;
			projectDirPath = "";
			projectReferences = (
				{
					ProductGroup = BFF247F11DDABAA900D59ECD /* Products */;
					ProjectRef = 577D61D9BBC24F769EBD7B15 /* AirMaps.xcodeproj */;
				},
				{
					ProductGroup = 00C302A81ABCB8CE00DB3ED1 /* Products */;
					ProjectRef = 00C302A71ABCB8CE00DB3ED1 /* RCTActionSheet.xcodeproj */;
				},
				{
					ProductGroup = BF0F12231DC85FA70056458A /* Products */;
					ProjectRef = EEFF7B586CF141339AFF78CE /* RCTFBLogin.xcodeproj */;
				},
				{
					ProductGroup = 00C302B61ABCB90400DB3ED1 /* Products */;
					ProjectRef = 00C302B51ABCB90400DB3ED1 /* RCTGeolocation.xcodeproj */;
				},
				{
					ProductGroup = 00C302BC1ABCB91800DB3ED1 /* Products */;
					ProjectRef = 00C302BB1ABCB91800DB3ED1 /* RCTImage.xcodeproj */;
				},
				{
					ProductGroup = 78C398B11ACF4ADC00677621 /* Products */;
					ProjectRef = 78C398B01ACF4ADC00677621 /* RCTLinking.xcodeproj */;
				},
				{
					ProductGroup = 00C302D41ABCB9D200DB3ED1 /* Products */;
					ProjectRef = 00C302D31ABCB9D200DB3ED1 /* RCTNetwork.xcodeproj */;
				},
				{
					ProductGroup = 139105B71AF99BAD00B5F7CC /* Products */;
					ProjectRef = 139105B61AF99BAD00B5F7CC /* RCTSettings.xcodeproj */;
				},
				{
					ProductGroup = 832341B11AAA6A8300B99B32 /* Products */;
					ProjectRef = 832341B01AAA6A8300B99B32 /* RCTText.xcodeproj */;
				},
				{
					ProductGroup = 42FFF4D91E471F6F000DCF36 /* Products */;
					ProjectRef = 42FFF4D81E471F6F000DCF36 /* RCTToast.xcodeproj */;
				},
				{
					ProductGroup = 00C302E01ABCB9EE00DB3ED1 /* Products */;
					ProjectRef = 00C302DF1ABCB9EE00DB3ED1 /* RCTVibration.xcodeproj */;
				},
				{
					ProductGroup = 139FDEE71B06529A00C62182 /* Products */;
					ProjectRef = 139FDEE61B06529A00C62182 /* RCTWebSocket.xcodeproj */;
				},
				{
					ProductGroup = 146834001AC3E56700842450 /* Products */;
					ProjectRef = 146833FF1AC3E56700842450 /* React.xcodeproj */;
				},
				{
					ProductGroup = 421ABED01E45A9EB00BB8513 /* Products */;
					ProjectRef = 98A88872AD0F47E8A20504C1 /* RNGoogleSignin.xcodeproj */;
				},
				{
					ProductGroup = 42C7EE0E1E6176F60026B03A /* Products */;
					ProjectRef = E04C40A36FB74CEF87BEFF8C /* RNShare.xcodeproj */;
				},
				{
					ProductGroup = BF0F12251DC85FA70056458A /* Products */;
					ProjectRef = 7D3239D058C74D7391036DF5 /* RNVectorIcons.xcodeproj */;
				},
			);
			projectRoot = "";
			targets = (
				13B07F861A680F5B00A75B9A /* EscapeAge_ReactNative */,
				00E356ED1AD99517003FC87E /* EscapeAge_ReactNativeTests */,
			);
		};
/* End PBXProject section */

/* Begin PBXReferenceProxy section */
		00C302AC1ABCB8CE00DB3ED1 /* libRCTActionSheet.a */ = {
			isa = PBXReferenceProxy;
			fileType = archive.ar;
			path = libRCTActionSheet.a;
			remoteRef = 00C302AB1ABCB8CE00DB3ED1 /* PBXContainerItemProxy */;
			sourceTree = BUILT_PRODUCTS_DIR;
		};
		00C302BA1ABCB90400DB3ED1 /* libRCTGeolocation.a */ = {
			isa = PBXReferenceProxy;
			fileType = archive.ar;
			path = libRCTGeolocation.a;
			remoteRef = 00C302B91ABCB90400DB3ED1 /* PBXContainerItemProxy */;
			sourceTree = BUILT_PRODUCTS_DIR;
		};
		00C302C01ABCB91800DB3ED1 /* libRCTImage.a */ = {
			isa = PBXReferenceProxy;
			fileType = archive.ar;
			path = libRCTImage.a;
			remoteRef = 00C302BF1ABCB91800DB3ED1 /* PBXContainerItemProxy */;
			sourceTree = BUILT_PRODUCTS_DIR;
		};
		00C302DC1ABCB9D200DB3ED1 /* libRCTNetwork.a */ = {
			isa = PBXReferenceProxy;
			fileType = archive.ar;
			path = libRCTNetwork.a;
			remoteRef = 00C302DB1ABCB9D200DB3ED1 /* PBXContainerItemProxy */;
			sourceTree = BUILT_PRODUCTS_DIR;
		};
		00C302E41ABCB9EE00DB3ED1 /* libRCTVibration.a */ = {
			isa = PBXReferenceProxy;
			fileType = archive.ar;
			path = libRCTVibration.a;
			remoteRef = 00C302E31ABCB9EE00DB3ED1 /* PBXContainerItemProxy */;
			sourceTree = BUILT_PRODUCTS_DIR;
		};
		139105C11AF99BAD00B5F7CC /* libRCTSettings.a */ = {
			isa = PBXReferenceProxy;
			fileType = archive.ar;
			path = libRCTSettings.a;
			remoteRef = 139105C01AF99BAD00B5F7CC /* PBXContainerItemProxy */;
			sourceTree = BUILT_PRODUCTS_DIR;
		};
		139FDEF41B06529B00C62182 /* libRCTWebSocket.a */ = {
			isa = PBXReferenceProxy;
			fileType = archive.ar;
			path = libRCTWebSocket.a;
			remoteRef = 139FDEF31B06529B00C62182 /* PBXContainerItemProxy */;
			sourceTree = BUILT_PRODUCTS_DIR;
		};
		146834041AC3E56700842450 /* libReact.a */ = {
			isa = PBXReferenceProxy;
			fileType = archive.ar;
			path = libReact.a;
			remoteRef = 146834031AC3E56700842450 /* PBXContainerItemProxy */;
			sourceTree = BUILT_PRODUCTS_DIR;
		};
		421ABEE01E45A9EB00BB8513 /* libRNGoogleSignin.a */ = {
			isa = PBXReferenceProxy;
			fileType = archive.ar;
			path = libRNGoogleSignin.a;
			remoteRef = 421ABEDF1E45A9EB00BB8513 /* PBXContainerItemProxy */;
			sourceTree = BUILT_PRODUCTS_DIR;
		};
		4254961C1E6326D4006C6B7C /* libRCTImage-tvOS.a */ = {
			isa = PBXReferenceProxy;
			fileType = archive.ar;
			path = "libRCTImage-tvOS.a";
			remoteRef = 4254961B1E6326D4006C6B7C /* PBXContainerItemProxy */;
			sourceTree = BUILT_PRODUCTS_DIR;
		};
		425496201E6326D4006C6B7C /* libRCTLinking-tvOS.a */ = {
			isa = PBXReferenceProxy;
			fileType = archive.ar;
			path = "libRCTLinking-tvOS.a";
			remoteRef = 4254961F1E6326D4006C6B7C /* PBXContainerItemProxy */;
			sourceTree = BUILT_PRODUCTS_DIR;
		};
		425496241E6326D4006C6B7C /* libRCTNetwork-tvOS.a */ = {
			isa = PBXReferenceProxy;
			fileType = archive.ar;
			path = "libRCTNetwork-tvOS.a";
			remoteRef = 425496231E6326D4006C6B7C /* PBXContainerItemProxy */;
			sourceTree = BUILT_PRODUCTS_DIR;
		};
		425496281E6326D4006C6B7C /* libRCTSettings-tvOS.a */ = {
			isa = PBXReferenceProxy;
			fileType = archive.ar;
			path = "libRCTSettings-tvOS.a";
			remoteRef = 425496271E6326D4006C6B7C /* PBXContainerItemProxy */;
			sourceTree = BUILT_PRODUCTS_DIR;
		};
		4254962C1E6326D4006C6B7C /* libRCTText-tvOS.a */ = {
			isa = PBXReferenceProxy;
			fileType = archive.ar;
			path = "libRCTText-tvOS.a";
			remoteRef = 4254962B1E6326D4006C6B7C /* PBXContainerItemProxy */;
			sourceTree = BUILT_PRODUCTS_DIR;
		};
		425496321E6326D4006C6B7C /* libRCTWebSocket-tvOS.a */ = {
			isa = PBXReferenceProxy;
			fileType = archive.ar;
			path = "libRCTWebSocket-tvOS.a";
			remoteRef = 425496311E6326D4006C6B7C /* PBXContainerItemProxy */;
			sourceTree = BUILT_PRODUCTS_DIR;
		};
		425496361E6326D4006C6B7C /* libReact-tvOS.a */ = {
			isa = PBXReferenceProxy;
			fileType = archive.ar;
			path = "libReact-tvOS.a";
			remoteRef = 425496351E6326D4006C6B7C /* PBXContainerItemProxy */;
			sourceTree = BUILT_PRODUCTS_DIR;
		};
		42C7EE201E6176F60026B03A /* libRNShare.a */ = {
			isa = PBXReferenceProxy;
			fileType = archive.ar;
			path = libRNShare.a;
			remoteRef = 42C7EE1F1E6176F60026B03A /* PBXContainerItemProxy */;
			sourceTree = BUILT_PRODUCTS_DIR;
		};
		42FFF4E61E471F70000DCF36 /* libRCTToast.a */ = {
			isa = PBXReferenceProxy;
			fileType = archive.ar;
			path = libRCTToast.a;
			remoteRef = 42FFF4E51E471F70000DCF36 /* PBXContainerItemProxy */;
			sourceTree = BUILT_PRODUCTS_DIR;
		};
		78C398B91ACF4ADC00677621 /* libRCTLinking.a */ = {
			isa = PBXReferenceProxy;
			fileType = archive.ar;
			path = libRCTLinking.a;
			remoteRef = 78C398B81ACF4ADC00677621 /* PBXContainerItemProxy */;
			sourceTree = BUILT_PRODUCTS_DIR;
		};
		832341B51AAA6A8300B99B32 /* libRCTText.a */ = {
			isa = PBXReferenceProxy;
			fileType = archive.ar;
			path = libRCTText.a;
			remoteRef = 832341B41AAA6A8300B99B32 /* PBXContainerItemProxy */;
			sourceTree = BUILT_PRODUCTS_DIR;
		};
		BF0F122A1DC85FA70056458A /* libRCTFBLogin.a */ = {
			isa = PBXReferenceProxy;
			fileType = archive.ar;
			path = libRCTFBLogin.a;
			remoteRef = BF0F12291DC85FA70056458A /* PBXContainerItemProxy */;
			sourceTree = BUILT_PRODUCTS_DIR;
		};
		BF0F12361DC85FA70056458A /* libRNVectorIcons.a */ = {
			isa = PBXReferenceProxy;
			fileType = archive.ar;
			path = libRNVectorIcons.a;
			remoteRef = BF0F12351DC85FA70056458A /* PBXContainerItemProxy */;
			sourceTree = BUILT_PRODUCTS_DIR;
		};
		BFF247F51DDABAA900D59ECD /* libAirMaps.a */ = {
			isa = PBXReferenceProxy;
			fileType = archive.ar;
			path = libAirMaps.a;
			remoteRef = BFF247F41DDABAA900D59ECD /* PBXContainerItemProxy */;
			sourceTree = BUILT_PRODUCTS_DIR;
		};
/* End PBXReferenceProxy section */

/* Begin PBXResourcesBuildPhase section */
		00E356EC1AD99517003FC87E /* Resources */ = {
			isa = PBXResourcesBuildPhase;
			buildActionMask = 2147483647;
			files = (
			);
			runOnlyForDeploymentPostprocessing = 0;
		};
		13B07F8E1A680F5B00A75B9A /* Resources */ = {
			isa = PBXResourcesBuildPhase;
			buildActionMask = 2147483647;
			files = (
				42FFF4EE1E473CEB000DCF36 /* assets in Resources */,
				13B07FBF1A68108700A75B9A /* Images.xcassets in Resources */,
				13B07FBD1A68108700A75B9A /* LaunchScreen.xib in Resources */,
				AB586BE563A24BDE9A165ABD /* Entypo.ttf in Resources */,
				9E5C0A0FD0F5408C8F0E5458 /* EvilIcons.ttf in Resources */,
				2E711CE3949747AB9BDECD3F /* FontAwesome.ttf in Resources */,
				F3B1E342A5B24E22900BEA14 /* Foundation.ttf in Resources */,
				421ABEE31E45AAB600BB8513 /* GoogleSdk in Resources */,
				6E50A64B50BF4DC0A9D11251 /* Ionicons.ttf in Resources */,
				30FA8CA07B61463893EEA602 /* MaterialIcons.ttf in Resources */,
				6723CFAD652649ABB9571727 /* Octicons.ttf in Resources */,
				C8B7D4F3DCC246DB9C0FFBAA /* Zocial.ttf in Resources */,
				4223CB2F1E489DC000E9E34E /* GoogleService-Info.plist in Resources */,
				EDB4076EED2C4C68A7A04610 /* SimpleLineIcons.ttf in Resources */,
			);
			runOnlyForDeploymentPostprocessing = 0;
		};
/* End PBXResourcesBuildPhase section */

/* Begin PBXShellScriptBuildPhase section */
		00DD1BFF1BD5951E006B06BC /* Bundle React Native code and images */ = {
			isa = PBXShellScriptBuildPhase;
			buildActionMask = 2147483647;
			files = (
			);
			inputPaths = (
			);
			name = "Bundle React Native code and images";
			outputPaths = (
			);
			runOnlyForDeploymentPostprocessing = 0;
			shellPath = /bin/sh;
			shellScript = "export NODE_BINARY=node\n../node_modules/react-native/packager/react-native-xcode.sh";
		};
/* End PBXShellScriptBuildPhase section */

/* Begin PBXSourcesBuildPhase section */
		00E356EA1AD99517003FC87E /* Sources */ = {
			isa = PBXSourcesBuildPhase;
			buildActionMask = 2147483647;
			files = (
				00E356F31AD99517003FC87E /* EscapeAge_ReactNativeTests.m in Sources */,
			);
			runOnlyForDeploymentPostprocessing = 0;
		};
		13B07F871A680F5B00A75B9A /* Sources */ = {
			isa = PBXSourcesBuildPhase;
			buildActionMask = 2147483647;
			files = (
				13B07FBC1A68108700A75B9A /* AppDelegate.m in Sources */,
				13B07FC11A68108700A75B9A /* main.m in Sources */,
			);
			runOnlyForDeploymentPostprocessing = 0;
		};
/* End PBXSourcesBuildPhase section */

/* Begin PBXTargetDependency section */
		00E356F51AD99517003FC87E /* PBXTargetDependency */ = {
			isa = PBXTargetDependency;
			target = 13B07F861A680F5B00A75B9A /* EscapeAge_ReactNative */;
			targetProxy = 00E356F41AD99517003FC87E /* PBXContainerItemProxy */;
		};
/* End PBXTargetDependency section */

/* Begin PBXVariantGroup section */
		13B07FB11A68108700A75B9A /* LaunchScreen.xib */ = {
			isa = PBXVariantGroup;
			children = (
				13B07FB21A68108700A75B9A /* Base */,
			);
			name = LaunchScreen.xib;
			path = EscapeAge_ReactNative;
			sourceTree = "<group>";
		};
/* End PBXVariantGroup section */

/* Begin XCBuildConfiguration section */
		00E356F61AD99517003FC87E /* Debug */ = {
			isa = XCBuildConfiguration;
			buildSettings = {
				BUNDLE_LOADER = "$(TEST_HOST)";
				GCC_PREPROCESSOR_DEFINITIONS = (
					"DEBUG=1",
					"$(inherited)",
				);
				INFOPLIST_FILE = EscapeAge_ReactNativeTests/Info.plist;
				IPHONEOS_DEPLOYMENT_TARGET = 8.0;
				LD_RUNPATH_SEARCH_PATHS = "$(inherited) @executable_path/Frameworks @loader_path/Frameworks";
				LIBRARY_SEARCH_PATHS = (
					"$(inherited)",
					"\"$(SRCROOT)/$(TARGET_NAME)\"",
					"\"$(SRCROOT)/$(TARGET_NAME)\"",
					"\"$(SRCROOT)/$(TARGET_NAME)\"",
					"\"$(SRCROOT)/$(TARGET_NAME)\"",
					"\"$(SRCROOT)/$(TARGET_NAME)\"",
				);
				PRODUCT_BUNDLE_IDENTIFIER = "org.reactjs.native.example.$(PRODUCT_NAME:rfc1034identifier)";
				PRODUCT_NAME = "$(TARGET_NAME)";
				TEST_HOST = "$(BUILT_PRODUCTS_DIR)/EscapeAge_ReactNative.app/EscapeAge_ReactNative";
			};
			name = Debug;
		};
		00E356F71AD99517003FC87E /* Release */ = {
			isa = XCBuildConfiguration;
			buildSettings = {
				BUNDLE_LOADER = "$(TEST_HOST)";
				COPY_PHASE_STRIP = NO;
				INFOPLIST_FILE = EscapeAge_ReactNativeTests/Info.plist;
				IPHONEOS_DEPLOYMENT_TARGET = 8.0;
				LD_RUNPATH_SEARCH_PATHS = "$(inherited) @executable_path/Frameworks @loader_path/Frameworks";
				LIBRARY_SEARCH_PATHS = (
					"$(inherited)",
					"\"$(SRCROOT)/$(TARGET_NAME)\"",
					"\"$(SRCROOT)/$(TARGET_NAME)\"",
					"\"$(SRCROOT)/$(TARGET_NAME)\"",
					"\"$(SRCROOT)/$(TARGET_NAME)\"",
					"\"$(SRCROOT)/$(TARGET_NAME)\"",
				);
				PRODUCT_BUNDLE_IDENTIFIER = "org.reactjs.native.example.$(PRODUCT_NAME:rfc1034identifier)";
				PRODUCT_NAME = "$(TARGET_NAME)";
				TEST_HOST = "$(BUILT_PRODUCTS_DIR)/EscapeAge_ReactNative.app/EscapeAge_ReactNative";
			};
			name = Release;
		};
		13B07F941A680F5B00A75B9A /* Debug */ = {
			isa = XCBuildConfiguration;
			buildSettings = {
				ASSETCATALOG_COMPILER_APPICON_NAME = AppIcon;
				CODE_SIGN_ENTITLEMENTS = EscapeAge_ReactNative/EscapeAge_ReactNative.entitlements;
				CURRENT_PROJECT_VERSION = 1;
				DEAD_CODE_STRIPPING = NO;
				DEVELOPMENT_TEAM = 47HL5T88ZN;
				FRAMEWORK_SEARCH_PATHS = (
					"$(inherited)",
					"$(PROJECT_DIR)/GoogleSdk",
				);
				HEADER_SEARCH_PATHS = (
					"$(inherited)",
					/Applications/Xcode.app/Contents/Developer/Toolchains/XcodeDefault.xctoolchain/usr/include,
					"$(SRCROOT)/../node_modules/react-native/React/**",
					"$(SRCROOT)/../node_modules/react-native-facebook-login/RCTFBLogin/**",
					"$(SRCROOT)/../node_modules/react-native-vector-icons/RNVectorIconsManager",
					"$(SRCROOT)/../node_modules/react-native-maps/ios/**",
					"$(SRCROOT)/../node_modules/react-native-google-signin/ios/RNGoogleSignin/**",
					"$(SRCROOT)/../node_modules/react-native-share/ios",
				);
				INFOPLIST_FILE = EscapeAge_ReactNative/Info.plist;
				LD_RUNPATH_SEARCH_PATHS = "$(inherited) @executable_path/Frameworks";
				ONLY_ACTIVE_ARCH = YES;
				OTHER_LDFLAGS = (
					"$(inherited)",
					"-ObjC",
					"-lc++",
				);
				PRODUCT_BUNDLE_IDENTIFIER = "org.reactjs.native.EscapeAge-ReactNative";
				PRODUCT_NAME = EscapeAge_ReactNative;
				TARGETED_DEVICE_FAMILY = 1;
				VERSIONING_SYSTEM = "apple-generic";
			};
			name = Debug;
		};
		13B07F951A680F5B00A75B9A /* Release */ = {
			isa = XCBuildConfiguration;
			buildSettings = {
				ASSETCATALOG_COMPILER_APPICON_NAME = AppIcon;
				CODE_SIGN_ENTITLEMENTS = EscapeAge_ReactNative/EscapeAge_ReactNative.entitlements;
				"CODE_SIGN_IDENTITY[sdk=iphoneos*]" = "iPhone Developer";
				CURRENT_PROJECT_VERSION = 1;
				DEVELOPMENT_TEAM = 47HL5T88ZN;
				FRAMEWORK_SEARCH_PATHS = (
					"$(inherited)",
					"$(PROJECT_DIR)/GoogleSdk",
				);
				HEADER_SEARCH_PATHS = (
					"$(inherited)",
					/Applications/Xcode.app/Contents/Developer/Toolchains/XcodeDefault.xctoolchain/usr/include,
					"$(SRCROOT)/../node_modules/react-native/React/**",
					"$(SRCROOT)/../node_modules/react-native-facebook-login/RCTFBLogin/**",
					"$(SRCROOT)/../node_modules/react-native-vector-icons/RNVectorIconsManager",
					"$(SRCROOT)/../node_modules/react-native-maps/ios/**",
					"$(SRCROOT)/../node_modules/react-native-google-signin/ios/RNGoogleSignin/**",
					"$(SRCROOT)/../node_modules/react-native-share/ios",
				);
				INFOPLIST_FILE = EscapeAge_ReactNative/Info.plist;
				LD_RUNPATH_SEARCH_PATHS = "$(inherited) @executable_path/Frameworks";
				ONLY_ACTIVE_ARCH = NO;
				OTHER_LDFLAGS = (
					"$(inherited)",
					"-ObjC",
					"-lc++",
				);
				PRODUCT_BUNDLE_IDENTIFIER = "org.reactjs.native.EscapeAge-ReactNative";
				PRODUCT_NAME = EscapeAge_ReactNative;
				TARGETED_DEVICE_FAMILY = 1;
				VERSIONING_SYSTEM = "apple-generic";
			};
			name = Release;
		};
		83CBBA201A601CBA00E9B192 /* Debug */ = {
			isa = XCBuildConfiguration;
			buildSettings = {
				ALWAYS_SEARCH_USER_PATHS = NO;
				CLANG_CXX_LANGUAGE_STANDARD = "gnu++0x";
				CLANG_CXX_LIBRARY = "libc++";
				CLANG_ENABLE_MODULES = YES;
				CLANG_ENABLE_OBJC_ARC = YES;
				CLANG_WARN_BOOL_CONVERSION = YES;
				CLANG_WARN_CONSTANT_CONVERSION = YES;
				CLANG_WARN_DIRECT_OBJC_ISA_USAGE = YES_ERROR;
				CLANG_WARN_EMPTY_BODY = YES;
				CLANG_WARN_ENUM_CONVERSION = YES;
				CLANG_WARN_INFINITE_RECURSION = YES;
				CLANG_WARN_INT_CONVERSION = YES;
				CLANG_WARN_OBJC_ROOT_CLASS = YES_ERROR;
				CLANG_WARN_SUSPICIOUS_MOVE = YES;
				CLANG_WARN_UNREACHABLE_CODE = YES;
				CLANG_WARN__DUPLICATE_METHOD_MATCH = YES;
				CODE_SIGN_IDENTITY = "iPhone Developer";
				"CODE_SIGN_IDENTITY[sdk=iphoneos*]" = "iPhone Developer";
				COPY_PHASE_STRIP = NO;
				DEVELOPMENT_TEAM = 47HL5T88ZN;
				ENABLE_STRICT_OBJC_MSGSEND = YES;
				ENABLE_TESTABILITY = YES;
				FRAMEWORK_SEARCH_PATHS = "$(SRCROOT)/../node_modules/react-native-facebook-login/FacebookSDK";
				GCC_C_LANGUAGE_STANDARD = gnu99;
				GCC_DYNAMIC_NO_PIC = NO;
				GCC_NO_COMMON_BLOCKS = YES;
				GCC_OPTIMIZATION_LEVEL = 0;
				GCC_PREPROCESSOR_DEFINITIONS = (
					"DEBUG=1",
					"$(inherited)",
				);
				GCC_SYMBOLS_PRIVATE_EXTERN = NO;
				GCC_WARN_64_TO_32_BIT_CONVERSION = YES;
				GCC_WARN_ABOUT_RETURN_TYPE = YES_ERROR;
				GCC_WARN_UNDECLARED_SELECTOR = YES;
				GCC_WARN_UNINITIALIZED_AUTOS = YES_AGGRESSIVE;
				GCC_WARN_UNUSED_FUNCTION = YES;
				GCC_WARN_UNUSED_VARIABLE = YES;
				HEADER_SEARCH_PATHS = (
					"$(inherited)",
					/Applications/Xcode.app/Contents/Developer/Toolchains/XcodeDefault.xctoolchain/usr/include,
					"$(SRCROOT)/../node_modules/react-native/React/**",
					"$(SRCROOT)/../node_modules/react-native-facebook-login/RCTFBLogin/**",
					"$(SRCROOT)/../node_modules/react-native-vector-icons/RNVectorIconsManager",
					"$(SRCROOT)/../node_modules/react-native-maps/ios/**",
					"$(SRCROOT)/../node_modules/react-native-google-signin/ios/RNGoogleSignin/**",
					"$(SRCROOT)/../node_modules/react-native-share/ios",
				);
				IPHONEOS_DEPLOYMENT_TARGET = 8.0;
				MTL_ENABLE_DEBUG_INFO = YES;
				ONLY_ACTIVE_ARCH = YES;
				SDKROOT = iphoneos;
			};
			name = Debug;
		};
		83CBBA211A601CBA00E9B192 /* Release */ = {
			isa = XCBuildConfiguration;
			buildSettings = {
				ALWAYS_SEARCH_USER_PATHS = NO;
				CLANG_CXX_LANGUAGE_STANDARD = "gnu++0x";
				CLANG_CXX_LIBRARY = "libc++";
				CLANG_ENABLE_MODULES = YES;
				CLANG_ENABLE_OBJC_ARC = YES;
				CLANG_WARN_BOOL_CONVERSION = YES;
				CLANG_WARN_CONSTANT_CONVERSION = YES;
				CLANG_WARN_DIRECT_OBJC_ISA_USAGE = YES_ERROR;
				CLANG_WARN_EMPTY_BODY = YES;
				CLANG_WARN_ENUM_CONVERSION = YES;
				CLANG_WARN_INFINITE_RECURSION = YES;
				CLANG_WARN_INT_CONVERSION = YES;
				CLANG_WARN_OBJC_ROOT_CLASS = YES_ERROR;
				CLANG_WARN_SUSPICIOUS_MOVE = YES;
				CLANG_WARN_UNREACHABLE_CODE = YES;
				CLANG_WARN__DUPLICATE_METHOD_MATCH = YES;
				CODE_SIGN_IDENTITY = "iPhone Developer";
				"CODE_SIGN_IDENTITY[sdk=iphoneos*]" = "iPhone Developer";
				COPY_PHASE_STRIP = YES;
				DEVELOPMENT_TEAM = 47HL5T88ZN;
				ENABLE_NS_ASSERTIONS = NO;
				ENABLE_STRICT_OBJC_MSGSEND = YES;
				FRAMEWORK_SEARCH_PATHS = "$(SRCROOT)/../node_modules/react-native-facebook-login/FacebookSDK";
				GCC_C_LANGUAGE_STANDARD = gnu99;
				GCC_NO_COMMON_BLOCKS = YES;
				GCC_WARN_64_TO_32_BIT_CONVERSION = YES;
				GCC_WARN_ABOUT_RETURN_TYPE = YES_ERROR;
				GCC_WARN_UNDECLARED_SELECTOR = YES;
				GCC_WARN_UNINITIALIZED_AUTOS = YES_AGGRESSIVE;
				GCC_WARN_UNUSED_FUNCTION = YES;
				GCC_WARN_UNUSED_VARIABLE = YES;
				HEADER_SEARCH_PATHS = (
					"$(inherited)",
					/Applications/Xcode.app/Contents/Developer/Toolchains/XcodeDefault.xctoolchain/usr/include,
					"$(SRCROOT)/../node_modules/react-native/React/**",
					"$(SRCROOT)/../node_modules/react-native-facebook-login/RCTFBLogin/**",
					"$(SRCROOT)/../node_modules/react-native-vector-icons/RNVectorIconsManager",
					"$(SRCROOT)/../node_modules/react-native-maps/ios/**",
					"$(SRCROOT)/../node_modules/react-native-google-signin/ios/RNGoogleSignin/**",
					"$(SRCROOT)/../node_modules/react-native-share/ios",
				);
				IPHONEOS_DEPLOYMENT_TARGET = 8.0;
				MTL_ENABLE_DEBUG_INFO = NO;
				SDKROOT = iphoneos;
				VALIDATE_PRODUCT = YES;
			};
			name = Release;
		};
/* End XCBuildConfiguration section */

/* Begin XCConfigurationList section */
		00E357021AD99517003FC87E /* Build configuration list for PBXNativeTarget "EscapeAge_ReactNativeTests" */ = {
			isa = XCConfigurationList;
			buildConfigurations = (
				00E356F61AD99517003FC87E /* Debug */,
				00E356F71AD99517003FC87E /* Release */,
			);
			defaultConfigurationIsVisible = 0;
			defaultConfigurationName = Release;
		};
		13B07F931A680F5B00A75B9A /* Build configuration list for PBXNativeTarget "EscapeAge_ReactNative" */ = {
			isa = XCConfigurationList;
			buildConfigurations = (
				13B07F941A680F5B00A75B9A /* Debug */,
				13B07F951A680F5B00A75B9A /* Release */,
			);
			defaultConfigurationIsVisible = 0;
			defaultConfigurationName = Release;
		};
		83CBB9FA1A601CBA00E9B192 /* Build configuration list for PBXProject "EscapeAge_ReactNative" */ = {
			isa = XCConfigurationList;
			buildConfigurations = (
				83CBBA201A601CBA00E9B192 /* Debug */,
				83CBBA211A601CBA00E9B192 /* Release */,
			);
			defaultConfigurationIsVisible = 0;
			defaultConfigurationName = Release;
		};
/* End XCConfigurationList section */
	};
	rootObject = 83CBB9F71A601CBA00E9B192 /* Project object */;
}
